
Microsoft Visual Studio Solution File, Format Version 12.00
# Visual Studio Version 17
VisualStudioVersion = 17.11.35431.28
MinimumVisualStudioVersion = 10.0.40219.1
Project("{FAE04EC0-301F-11D3-BF4B-00C04F79EFBC}") = "CustomEFCore", "CustomEFCore\CustomEFCore.csproj", "{3C6C0130-B3FC-44B0-A51C-9E6321D34388}"
EndProject
Global
	GlobalSection(SolutionConfigurationPlatforms) = preSolution
		Debug|Any CPU = Debug|Any CPU
		Release|Any CPU = Release|Any CPU
	EndGlobalSection
	GlobalSection(ProjectConfigurationPlatforms) = postSolution
		{3C6C0130-B3FC-44B0-A51C-9E6321D34388}.Debug|Any CPU.ActiveCfg = Debug|Any CPU
		{3C6C0130-B3FC-44B0-A51C-9E6321D34388}.Debug|Any CPU.Build.0 = Debug|Any CPU
		{3C6C0130-B3FC-44B0-A51C-9E6321D34388}.Release|Any CPU.ActiveCfg = Release|Any CPU
		{3C6C0130-B3FC-44B0-A51C-9E6321D34388}.Release|Any CPU.Build.0 = Release|Any CPU
	EndGlobalSection
	GlobalSection(SolutionProperties) = preSolution
		HideSolutionNode = FALSE
	EndGlobalSection
	GlobalSection(ExtensibilityGlobals) = postSolution
		SolutionGuid = {ED9581F3-2DEF-4D9E-BC36-8101EB62D43A}
	EndGlobalSection
EndGlobal
